
Microsoft Visual Studio Solution File, Format Version 12.00
# Visual Studio 15
VisualStudioVersion = 15.0.28307.271
MinimumVisualStudioVersion = 10.0.40219.1
Project("{888888A0-9F3D-457C-B088-3A5042F75D52}") = "tictactoe", "tictactoe.pyproj", "{326CEDFF-2D3A-4AA4-92B8-800DAC47FB76}"
EndProject
Global
	GlobalSection(SolutionConfigurationPlatforms) = preSolution
		Debug|Any CPU = Debug|Any CPU
		Release|Any CPU = Release|Any CPU
	EndGlobalSection
	GlobalSection(ProjectConfigurationPlatforms) = postSolution
		{326CEDFF-2D3A-4AA4-92B8-800DAC47FB76}.Debug|Any CPU.ActiveCfg = Debug|Any CPU
		{326CEDFF-2D3A-4AA4-92B8-800DAC47FB76}.Release|Any CPU.ActiveCfg = Release|Any CPU
	EndGlobalSection
	GlobalSection(SolutionProperties) = preSolution
		HideSolutionNode = FALSE
	EndGlobalSection
	GlobalSection(ExtensibilityGlobals) = postSolution
		SolutionGuid = {7B86C8A8-0F95-4277-B05D-FC7CF7ED6A82}
	EndGlobalSection
EndGlobal
